Microsoft Visual Studio Solution File, Format Version 12.00
# Visual Studio 2012
Project("{FAE04EC0-301F-11D3-BF4B-00C04F79EFBC}") = "Small game #1", "Small game #1.csproj", "{9414A56A-834C-41B6-8AC0-45C5E74A9C20}"
EndProject
Global
	GlobalSection(SolutionConfigurationPlatforms) = preSolution
	Debug|Any CPU = Debug|Any CPU
	ExportDebug|Any CPU = ExportDebug|Any CPU
	ExportRelease|Any CPU = ExportRelease|Any CPU
	EndGlobalSection
	GlobalSection(ProjectConfigurationPlatforms) = postSolution
		{9414A56A-834C-41B6-8AC0-45C5E74A9C20}.Debug|Any CPU.ActiveCfg = Debug|Any CPU
		{9414A56A-834C-41B6-8AC0-45C5E74A9C20}.Debug|Any CPU.Build.0 = Debug|Any CPU
		{9414A56A-834C-41B6-8AC0-45C5E74A9C20}.ExportDebug|Any CPU.ActiveCfg = ExportDebug|Any CPU
		{9414A56A-834C-41B6-8AC0-45C5E74A9C20}.ExportDebug|Any CPU.Build.0 = ExportDebug|Any CPU
		{9414A56A-834C-41B6-8AC0-45C5E74A9C20}.ExportRelease|Any CPU.ActiveCfg = ExportRelease|Any CPU
		{9414A56A-834C-41B6-8AC0-45C5E74A9C20}.ExportRelease|Any CPU.Build.0 = ExportRelease|Any CPU
	EndGlobalSection
EndGlobal
